
Microsoft Visual Studio Solution File, Format Version 12.00
# Visual Studio Version 16
VisualStudioVersion = 16.0.30717.126
MinimumVisualStudioVersion = 10.0.40219.1
Project("{9A19103F-16F7-4668-BE54-9A1E7A4F7556}") = "CoreDemo", "CoreDemo\CoreDemo.csproj", "{1966E540-E476-4201-8769-5E14B4488D28}"
EndProject
Project("{FAE04EC0-301F-11D3-BF4B-00C04F79EFBC}") = "EntityLayer", "EntityLayer\EntityLayer.csproj", "{2471F33C-9B55-4CFF-A8C9-82365A2E1821}"
EndProject
Project("{FAE04EC0-301F-11D3-BF4B-00C04F79EFBC}") = "DataAccessLayer", "DataAccessLayer\DataAccessLayer.csproj", "{7999D46F-27B8-447D-B09D-2E0511B9CEDA}"
EndProject
Project("{FAE04EC0-301F-11D3-BF4B-00C04F79EFBC}") = "BusinessLayer", "BusinessLayer\BusinessLayer.csproj", "{66955414-73CA-4859-ACF3-1954665AD73B}"
EndProject
Project("{FAE04EC0-301F-11D3-BF4B-00C04F79EFBC}") = "CoreLayer", "CoreLayer\CoreLayer.csproj", "{C7965474-6DB7-43C7-B322-47E292DD0BF1}"
EndProject
Global
	GlobalSection(SolutionConfigurationPlatforms) = preSolution
		Debug|Any CPU = Debug|Any CPU
		Release|Any CPU = Release|Any CPU
	EndGlobalSection
	GlobalSection(ProjectConfigurationPlatforms) = postSolution
		{1966E540-E476-4201-8769-5E14B4488D28}.Debug|Any CPU.ActiveCfg = Debug|Any CPU
		{1966E540-E476-4201-8769-5E14B4488D28}.Debug|Any CPU.Build.0 = Debug|Any CPU
		{1966E540-E476-4201-8769-5E14B4488D28}.Release|Any CPU.ActiveCfg = Release|Any CPU
		{1966E540-E476-4201-8769-5E14B4488D28}.Release|Any CPU.Build.0 = Release|Any CPU
		{2471F33C-9B55-4CFF-A8C9-82365A2E1821}.Debug|Any CPU.ActiveCfg = Debug|Any CPU
		{2471F33C-9B55-4CFF-A8C9-82365A2E1821}.Debug|Any CPU.Build.0 = Debug|Any CPU
		{2471F33C-9B55-4CFF-A8C9-82365A2E1821}.Release|Any CPU.ActiveCfg = Release|Any CPU
		{2471F33C-9B55-4CFF-A8C9-82365A2E1821}.Release|Any CPU.Build.0 = Release|Any CPU
		{7999D46F-27B8-447D-B09D-2E0511B9CEDA}.Debug|Any CPU.ActiveCfg = Debug|Any CPU
		{7999D46F-27B8-447D-B09D-2E0511B9CEDA}.Debug|Any CPU.Build.0 = Debug|Any CPU
		{7999D46F-27B8-447D-B09D-2E0511B9CEDA}.Release|Any CPU.ActiveCfg = Release|Any CPU
		{7999D46F-27B8-447D-B09D-2E0511B9CEDA}.Release|Any CPU.Build.0 = Release|Any CPU
		{66955414-73CA-4859-ACF3-1954665AD73B}.Debug|Any CPU.ActiveCfg = Debug|Any CPU
		{66955414-73CA-4859-ACF3-1954665AD73B}.Debug|Any CPU.Build.0 = Debug|Any CPU
		{66955414-73CA-4859-ACF3-1954665AD73B}.Release|Any CPU.ActiveCfg = Release|Any CPU
		{66955414-73CA-4859-ACF3-1954665AD73B}.Release|Any CPU.Build.0 = Release|Any CPU
		{C7965474-6DB7-43C7-B322-47E292DD0BF1}.Debug|Any CPU.ActiveCfg = Debug|Any CPU
		{C7965474-6DB7-43C7-B322-47E292DD0BF1}.Debug|Any CPU.Build.0 = Debug|Any CPU
		{C7965474-6DB7-43C7-B322-47E292DD0BF1}.Release|Any CPU.ActiveCfg = Release|Any CPU
		{C7965474-6DB7-43C7-B322-47E292DD0BF1}.Release|Any CPU.Build.0 = Release|Any CPU
	EndGlobalSection
	GlobalSection(SolutionProperties) = preSolution
		HideSolutionNode = FALSE
	EndGlobalSection
	GlobalSection(ExtensibilityGlobals) = postSolution
		SolutionGuid = {5CB98A78-2DDE-49E4-A1C5-550B99171E75}
	EndGlobalSection
EndGlobal
